
Microsoft Visual Studio Solution File, Format Version 12.00
Project("{FAE04EC0-301F-11D3-BF4B-00C04F79EFBC}") = "OrderHandler", "OrderHandler\OrderHandler.csproj", "{6F7EF225-8D2F-4C85-A00D-96548D5C686B}"
EndProject
Project("{FAE04EC0-301F-11D3-BF4B-00C04F79EFBC}") = "Logging", "Logging\Logging.csproj", "{7C8444DD-021E-479A-B2C6-863129A36C05}"
EndProject
Project("{FAE04EC0-301F-11D3-BF4B-00C04F79EFBC}") = "LeaveApproval", "LeaveApproval\LeaveApproval.csproj", "{1D874548-AE18-417A-AC4F-264882C1ADC0}"
EndProject
Global
	GlobalSection(SolutionConfigurationPlatforms) = preSolution
		Debug|Any CPU = Debug|Any CPU
		Release|Any CPU = Release|Any CPU
	EndGlobalSection
	GlobalSection(ProjectConfigurationPlatforms) = postSolution
		{6F7EF225-8D2F-4C85-A00D-96548D5C686B}.Debug|Any CPU.ActiveCfg = Debug|Any CPU
		{6F7EF225-8D2F-4C85-A00D-96548D5C686B}.Debug|Any CPU.Build.0 = Debug|Any CPU
		{6F7EF225-8D2F-4C85-A00D-96548D5C686B}.Release|Any CPU.ActiveCfg = Release|Any CPU
		{6F7EF225-8D2F-4C85-A00D-96548D5C686B}.Release|Any CPU.Build.0 = Release|Any CPU
		{7C8444DD-021E-479A-B2C6-863129A36C05}.Debug|Any CPU.ActiveCfg = Debug|Any CPU
		{7C8444DD-021E-479A-B2C6-863129A36C05}.Debug|Any CPU.Build.0 = Debug|Any CPU
		{7C8444DD-021E-479A-B2C6-863129A36C05}.Release|Any CPU.ActiveCfg = Release|Any CPU
		{7C8444DD-021E-479A-B2C6-863129A36C05}.Release|Any CPU.Build.0 = Release|Any CPU
		{1D874548-AE18-417A-AC4F-264882C1ADC0}.Debug|Any CPU.ActiveCfg = Debug|Any CPU
		{1D874548-AE18-417A-AC4F-264882C1ADC0}.Debug|Any CPU.Build.0 = Debug|Any CPU
		{1D874548-AE18-417A-AC4F-264882C1ADC0}.Release|Any CPU.ActiveCfg = Release|Any CPU
		{1D874548-AE18-417A-AC4F-264882C1ADC0}.Release|Any CPU.Build.0 = Release|Any CPU
	EndGlobalSection
EndGlobal
